
Microsoft Visual Studio Solution File, Format Version 12.00
# Visual Studio Version 17
VisualStudioVersion = 17.5.33516.290
MinimumVisualStudioVersion = 10.0.40219.1
Project("{9A19103F-16F7-4668-BE54-9A1E7A4F7556}") = "CVDNCTestService", "CVDNCTestService.csproj", "{8CD890D2-DD49-4C43-BE7D-55B3AF1875E8}"
EndProject
Project("{9A19103F-16F7-4668-BE54-9A1E7A4F7556}") = "CVDotNetLogger", "C:\Users\achakravarthy\VS\CVCommonUtils\CVDotNetLogger\CVDotNetLogger.csproj", "{FF0E23E0-9F5A-4308-B3A3-E4305A9CF0B7}"
EndProject
Global
	GlobalSection(SolutionConfigurationPlatforms) = preSolution
		Debug|Any CPU = Debug|Any CPU
		Debug|x64 = Debug|x64
		Release|Any CPU = Release|Any CPU
		Release|x64 = Release|x64
	EndGlobalSection
	GlobalSection(ProjectConfigurationPlatforms) = postSolution
		{8CD890D2-DD49-4C43-BE7D-55B3AF1875E8}.Debug|Any CPU.ActiveCfg = Debug|Any CPU
		{8CD890D2-DD49-4C43-BE7D-55B3AF1875E8}.Debug|Any CPU.Build.0 = Debug|Any CPU
		{8CD890D2-DD49-4C43-BE7D-55B3AF1875E8}.Debug|x64.ActiveCfg = Debug|Any CPU
		{8CD890D2-DD49-4C43-BE7D-55B3AF1875E8}.Debug|x64.Build.0 = Debug|Any CPU
		{8CD890D2-DD49-4C43-BE7D-55B3AF1875E8}.Release|Any CPU.ActiveCfg = Release|Any CPU
		{8CD890D2-DD49-4C43-BE7D-55B3AF1875E8}.Release|Any CPU.Build.0 = Release|Any CPU
		{8CD890D2-DD49-4C43-BE7D-55B3AF1875E8}.Release|x64.ActiveCfg = Release|Any CPU
		{8CD890D2-DD49-4C43-BE7D-55B3AF1875E8}.Release|x64.Build.0 = Release|Any CPU
		{FF0E23E0-9F5A-4308-B3A3-E4305A9CF0B7}.Debug|Any CPU.ActiveCfg = Debug|Any CPU
		{FF0E23E0-9F5A-4308-B3A3-E4305A9CF0B7}.Debug|Any CPU.Build.0 = Debug|Any CPU
		{FF0E23E0-9F5A-4308-B3A3-E4305A9CF0B7}.Debug|x64.ActiveCfg = Debug|x64
		{FF0E23E0-9F5A-4308-B3A3-E4305A9CF0B7}.Debug|x64.Build.0 = Debug|x64
		{FF0E23E0-9F5A-4308-B3A3-E4305A9CF0B7}.Release|Any CPU.ActiveCfg = Release|Any CPU
		{FF0E23E0-9F5A-4308-B3A3-E4305A9CF0B7}.Release|Any CPU.Build.0 = Release|Any CPU
		{FF0E23E0-9F5A-4308-B3A3-E4305A9CF0B7}.Release|x64.ActiveCfg = Release|x64
		{FF0E23E0-9F5A-4308-B3A3-E4305A9CF0B7}.Release|x64.Build.0 = Release|x64
	EndGlobalSection
	GlobalSection(SolutionProperties) = preSolution
		HideSolutionNode = FALSE
	EndGlobalSection
	GlobalSection(ExtensibilityGlobals) = postSolution
		SolutionGuid = {73A04C1F-D209-44E5-B17C-82131804905B}
	EndGlobalSection
EndGlobal
